# THIS IS AN AUTOGENERATED FILE. DO NOT EDIT THIS FILE DIRECTLY.
# yarn lockfile v1


"@actions/core@^1.2.6":
  version "1.2.6"
  resolved "https://registry.yarnpkg.com/@actions/core/-/core-1.2.6.tgz#a78d49f41a4def18e88ce47c2cac615d5694bf09"
  integrity sha512-ZQYitnqiyBc3D+k7LsgSBmMDVkOVidaagDG7j3fOym77jNunWRuYx7VSHa9GNfFZh+zh61xsCjRj4JxMZlDqTA==

"@actions/exec@^1.0.4":
  version "1.0.4"
  resolved "https://registry.yarnpkg.com/@actions/exec/-/exec-1.0.4.tgz#99d75310e62e59fc37d2ee6dcff6d4bffadd3a5d"
  integrity sha512-4DPChWow9yc9W3WqEbUj8Nr86xkpyE29ZzWjXucHItclLbEW6jr80Zx4nqv18QL6KK65+cifiQZXvnqgTV6oHw==
  dependencies:
    "@actions/io" "^1.0.1"

"@actions/github@^4.0.0":
  version "4.0.0"
  resolved "https://registry.yarnpkg.com/@actions/github/-/github-4.0.0.tgz#d520483151a2bf5d2dc9cd0f20f9ac3a2e458816"
  integrity sha512-Ej/Y2E+VV6sR9X7pWL5F3VgEWrABaT292DRqRU6R4hnQjPtC/zD3nagxVdXWiRQvYDh8kHXo7IDmG42eJ/dOMA==
  dependencies:
    "@actions/http-client" "^1.0.8"
    "@octokit/core" "^3.0.0"
    "@octokit/plugin-paginate-rest" "^2.2.3"
    "@octokit/plugin-rest-endpoint-methods" "^4.0.0"

"@actions/http-client@^1.0.8":
  version "1.0.9"
  resolved "https://registry.yarnpkg.com/@actions/http-client/-/http-client-1.0.9.tgz#af1947d020043dbc6a3b4c5918892095c30ffb52"
  integrity sha512-0O4SsJ7q+MK0ycvXPl2e6bMXV7dxAXOGjrXS1eTF9s2S401Tp6c/P3c3Joz04QefC1J6Gt942Wl2jbm3f4mLcg==
  dependencies:
    tunnel "0.0.6"

"@actions/io@^1.0.1":
  version "1.0.2"
  resolved "https://registry.yarnpkg.com/@actions/io/-/io-1.0.2.tgz#2f614b6e69ce14d191180451eb38e6576a6e6b27"
  integrity sha512-J8KuFqVPr3p6U8W93DOXlXW6zFvrQAJANdS+vw0YhusLIq+bszW8zmK2Fh1C2kDPX8FMvwIl1OUcFgvJoXLbAg==

"@fast-csv/parse@^4.3.3":
  version "4.3.3"
  resolved "https://registry.yarnpkg.com/@fast-csv/parse/-/parse-4.3.3.tgz#1ab4443213a63ced960fd618ea476e4e51f0f8df"
  integrity sha512-mXrCmyyZxbcdW/kZ8tVMrb1DJrJMNGWxHmB4OSuEL96so/X14E1O0w5QFiyodfs+oXoNGwbku8bx2Lq2tiODAA==
  dependencies:
    "@types/node" "^14.0.1"
    lodash.escaperegexp "^4.1.2"
    lodash.groupby "^4.6.0"
    lodash.isfunction "^3.0.9"
    lodash.isnil "^4.0.0"
    lodash.isundefined "^3.0.1"
    lodash.uniq "^4.5.0"

"@nodelib/fs.scandir@2.1.3":
  version "2.1.3"
  resolved "https://registry.yarnpkg.com/@nodelib/fs.scandir/-/fs.scandir-2.1.3.tgz#3a582bdb53804c6ba6d146579c46e52130cf4a3b"
  integrity sha512-eGmwYQn3gxo4r7jdQnkrrN6bY478C3P+a/y72IJukF8LjB6ZHeB3c+Ehacj3sYeSmUXGlnA67/PmbM9CVwL7Dw==
  dependencies:
    "@nodelib/fs.stat" "2.0.3"
    run-parallel "^1.1.9"

"@nodelib/fs.stat@2.0.3", "@nodelib/fs.stat@^2.0.2":
  version "2.0.3"
  resolved "https://registry.yarnpkg.com/@nodelib/fs.stat/-/fs.stat-2.0.3.tgz#34dc5f4cabbc720f4e60f75a747e7ecd6c175bd3"
  integrity sha512-bQBFruR2TAwoevBEd/NWMoAAtNGzTRgdrqnYCc7dhzfoNvqPzLyqlEQnzZ3kVnNrSp25iyxE00/3h2fqGAGArA==

"@nodelib/fs.walk@^1.2.3":
  version "1.2.4"
  resolved "https://registry.yarnpkg.com/@nodelib/fs.walk/-/fs.walk-1.2.4.tgz#011b9202a70a6366e436ca5c065844528ab04976"
  integrity sha512-1V9XOY4rDW0rehzbrcqAmHnz8e7SKvX27gh8Gt2WgB0+pdzdiLV83p72kZPU+jvMbS1qU5mauP2iOvO8rhmurQ==
  dependencies:
    "@nodelib/fs.scandir" "2.1.3"
    fastq "^1.6.0"

"@octokit/auth-token@^2.4.0":
  version "2.4.2"
  resolved "https://registry.yarnpkg.com/@octokit/auth-token/-/auth-token-2.4.2.tgz#10d0ae979b100fa6b72fa0e8e63e27e6d0dbff8a"
  integrity sha512-jE/lE/IKIz2v1+/P0u4fJqv0kYwXOTujKemJMFr6FeopsxlIK3+wKDCJGnysg81XID5TgZQbIfuJ5J0lnTiuyQ==
  dependencies:
    "@octokit/types" "^5.0.0"

"@octokit/core@^3.0.0":
  version "3.1.2"
  resolved "https://registry.yarnpkg.com/@octokit/core/-/core-3.1.2.tgz#c937d5f9621b764573068fcd2e5defcc872fd9cc"
  integrity sha512-AInOFULmwOa7+NFi9F8DlDkm5qtZVmDQayi7TUgChE3yeIGPq0Y+6cAEXPexQ3Ea+uZy66hKEazR7DJyU+4wfw==
  dependencies:
    "@octokit/auth-token" "^2.4.0"
    "@octokit/graphql" "^4.3.1"
    "@octokit/request" "^5.4.0"
    "@octokit/types" "^5.0.0"
    before-after-hook "^2.1.0"
    universal-user-agent "^6.0.0"

"@octokit/endpoint@^6.0.1":
  version "6.0.8"
  resolved "https://registry.yarnpkg.com/@octokit/endpoint/-/endpoint-6.0.8.tgz#91b07e236fdb69929c678c6439f7a560dc6058ac"
  integrity sha512-MuRrgv+bM4Q+e9uEvxAB/Kf+Sj0O2JAOBA131uo1o6lgdq1iS8ejKwtqHgdfY91V3rN9R/hdGKFiQYMzVzVBEQ==
  dependencies:
    "@octokit/types" "^5.0.0"
    is-plain-object "^5.0.0"
    universal-user-agent "^6.0.0"

"@octokit/graphql@^4.3.1":
  version "4.5.6"
  resolved "https://registry.yarnpkg.com/@octokit/graphql/-/graphql-4.5.6.tgz#708143ba15cf7c1879ed6188266e7f270be805d4"
  integrity sha512-Rry+unqKTa3svswT2ZAuqenpLrzJd+JTv89LTeVa5UM/5OX8o4KTkPL7/1ABq4f/ZkELb0XEK/2IEoYwykcLXg==
  dependencies:
    "@octokit/request" "^5.3.0"
    "@octokit/types" "^5.0.0"
    universal-user-agent "^6.0.0"

"@octokit/plugin-paginate-rest@^2.2.3":
  version "2.4.0"
  resolved "https://registry.yarnpkg.com/@octokit/plugin-paginate-rest/-/plugin-paginate-rest-2.4.0.tgz#92f951ddc8a1cd505353fa07650752ca25ed7e93"
  integrity sha512-YT6Klz3LLH6/nNgi0pheJnUmTFW4kVnxGft+v8Itc41IIcjl7y1C8TatmKQBbCSuTSNFXO5pCENnqg6sjwpJhg==
  dependencies:
    "@octokit/types" "^5.5.0"

"@octokit/plugin-rest-endpoint-methods@^4.0.0":
  version "4.2.0"
  resolved "https://registry.yarnpkg.com/@octokit/plugin-rest-endpoint-methods/-/plugin-rest-endpoint-methods-4.2.0.tgz#c5a0691b3aba5d8b4ef5dffd6af3649608f167ba"
  integrity sha512-1/qn1q1C1hGz6W/iEDm9DoyNoG/xdFDt78E3eZ5hHeUfJTLJgyAMdj9chL/cNBHjcjd+FH5aO1x0VCqR2RE0mw==
  dependencies:
    "@octokit/types" "^5.5.0"
    deprecation "^2.3.1"

"@octokit/request-error@^2.0.0":
  version "2.0.2"
  resolved "https://registry.yarnpkg.com/@octokit/request-error/-/request-error-2.0.2.tgz#0e76b83f5d8fdda1db99027ea5f617c2e6ba9ed0"
  integrity sha512-2BrmnvVSV1MXQvEkrb9zwzP0wXFNbPJij922kYBTLIlIafukrGOb+ABBT2+c6wZiuyWDH1K1zmjGQ0toN/wMWw==
  dependencies:
    "@octokit/types" "^5.0.1"
    deprecation "^2.0.0"
    once "^1.4.0"

"@octokit/request@^5.3.0", "@octokit/request@^5.4.0":
  version "5.4.9"
  resolved "https://registry.yarnpkg.com/@octokit/request/-/request-5.4.9.tgz#0a46f11b82351b3416d3157261ad9b1558c43365"
  integrity sha512-CzwVvRyimIM1h2n9pLVYfTDmX9m+KHSgCpqPsY8F1NdEK8IaWqXhSBXsdjOBFZSpEcxNEeg4p0UO9cQ8EnOCLA==
  dependencies:
    "@octokit/endpoint" "^6.0.1"
    "@octokit/request-error" "^2.0.0"
    "@octokit/types" "^5.0.0"
    deprecation "^2.0.0"
    is-plain-object "^5.0.0"
    node-fetch "^2.6.1"
    once "^1.4.0"
    universal-user-agent "^6.0.0"

"@octokit/types@^5.0.0", "@octokit/types@^5.0.1", "@octokit/types@^5.5.0":
  version "5.5.0"
  resolved "https://registry.yarnpkg.com/@octokit/types/-/types-5.5.0.tgz#e5f06e8db21246ca102aa28444cdb13ae17a139b"
  integrity sha512-UZ1pErDue6bZNjYOotCNveTXArOMZQFG6hKJfOnGnulVCMcVVi7YIIuuR4WfBhjo7zgpmzn/BkPDnUXtNx+PcQ==
  dependencies:
    "@types/node" ">= 8"

"@types/cloneable-readable@^2.0.0":
  version "2.0.0"
  resolved "https://registry.yarnpkg.com/@types/cloneable-readable/-/cloneable-readable-2.0.0.tgz#b5bc6602d4771a5db9d80f3867427e9da5f68a63"
  integrity sha512-Q9fTsA3hEbOXmGIZ7StMunr/SCvtdfXDfJcDadYk/MPbS3Xh/fWCsdhW26NVx1XNNcX3SkdBqPkfbOiD6p3q2Q==
  dependencies:
    "@types/node" "*"

"@types/node@*", "@types/node@>= 8", "@types/node@^14.0.1", "@types/node@^14.14.6":
  version "14.14.6"
  resolved "https://registry.yarnpkg.com/@types/node/-/node-14.14.6.tgz#146d3da57b3c636cc0d1769396ce1cfa8991147f"
  integrity sha512-6QlRuqsQ/Ox/aJEQWBEJG7A9+u7oSYl3mem/K8IzxXG/kAGbV1YPD9Bg9Zw3vyxC/YP+zONKwy8hGkSt1jxFMw==

"@vercel/ncc@^0.24.1":
  version "0.24.1"
  resolved "https://registry.yarnpkg.com/@vercel/ncc/-/ncc-0.24.1.tgz#3ea2932c85ba87f4de6fe550d60e1bf5c005985e"
  integrity sha512-r9m7brz2hNmq5TF3sxrK4qR/FhXn44XIMglQUir4sT7Sh5GOaYXlMYikHFwJStf8rmQGTlvOoBXt4yHVonRG8A==

aws-sdk@^2.784.0:
  version "2.784.0"
  resolved "https://registry.yarnpkg.com/aws-sdk/-/aws-sdk-2.784.0.tgz#70136a537d5c977a9e9a2e8b6a234b45ec2da0a1"
  integrity sha512-+KBkqH7t/XE91Fqn8eyJeNIWsnhSWL8bSUqFD7TfE3FN07MTlC0nprGYp+2WfcYNz5i8Bus1vY2DHNVhtTImnw==
  dependencies:
    buffer "4.9.2"
    events "1.1.1"
    ieee754 "1.1.13"
    jmespath "0.15.0"
    querystring "0.2.0"
    sax "1.2.1"
    url "0.10.3"
    uuid "3.3.2"
    xml2js "0.4.19"

base64-js@^1.0.2:
  version "1.3.1"
  resolved "https://registry.yarnpkg.com/base64-js/-/base64-js-1.3.1.tgz#58ece8cb75dd07e71ed08c736abc5fac4dbf8df1"
  integrity sha512-mLQ4i2QO1ytvGWFWmcngKO//JXAQueZvwEKtjgQFM4jIK0kU+ytMfplL8j+n5mspOfjHwoAg+9yhb7BwAHm36g==

before-after-hook@^2.1.0:
  version "2.1.0"
  resolved "https://registry.yarnpkg.com/before-after-hook/-/before-after-hook-2.1.0.tgz#b6c03487f44e24200dd30ca5e6a1979c5d2fb635"
  integrity sha512-IWIbu7pMqyw3EAJHzzHbWa85b6oud/yfKYg5rqB5hNE8CeMi3nX+2C2sj0HswfblST86hpVEOAb9x34NZd6P7A==

braces@^3.0.1:
  version "3.0.2"
  resolved "https://registry.yarnpkg.com/braces/-/braces-3.0.2.tgz#3454e1a462ee8d599e236df336cd9ea4f8afe107"
  integrity sha512-b8um+L1RzM3WDSzvhm6gIz1yfTbBt6YTlcEKAvsmqCZZFw46z626lVj9j1yEPW33H5H+lBQpZMP1k8l+78Ha0A==
  dependencies:
    fill-range "^7.0.1"

buffer@4.9.2:
  version "4.9.2"
  resolved "https://registry.yarnpkg.com/buffer/-/buffer-4.9.2.tgz#230ead344002988644841ab0244af8c44bbe3ef8"
  integrity sha512-xq+q3SRMOxGivLhBNaUdC64hDTQwejJ+H0T/NB1XMtTVEwNTrfFF3gAxiyW0Bu/xWEGhjVKgUcMhCrUy2+uCWg==
  dependencies:
    base64-js "^1.0.2"
    ieee754 "^1.1.4"
    isarray "^1.0.0"

cloneable-readable@^2.0.1:
  version "2.0.1"
  resolved "https://registry.yarnpkg.com/cloneable-readable/-/cloneable-readable-2.0.1.tgz#fc2240beddbe5621b872acad8104dcc86574e225"
  integrity sha512-1ke/wckhpSevGPQzKb+qGHMsuFrSUKQlsKh0PTmscmfAzw8MgONqrg5a0e0Un1YO/cOSS4wAepfXSGus5RoonQ==
  dependencies:
    inherits "^2.0.1"
    readable-stream "^3.3.0"

deprecation@^2.0.0, deprecation@^2.3.1:
  version "2.3.1"
  resolved "https://registry.yarnpkg.com/deprecation/-/deprecation-2.3.1.tgz#6368cbdb40abf3373b525ac87e4a260c3a700919"
  integrity sha512-xmHIy4F3scKVwMsQ4WnVaS8bHOx0DmVwRywosKhaILI0ywMDWPtBSku2HNxRvF7jtwDRsoEwYQSfbxj8b7RlJQ==

events@1.1.1:
  version "1.1.1"
  resolved "https://registry.yarnpkg.com/events/-/events-1.1.1.tgz#9ebdb7635ad099c70dcc4c2a1f5004288e8bd924"
  integrity sha1-nr23Y1rQmccNzEwqH1AEKI6L2SQ=

fast-glob@^3.2.4:
  version "3.2.4"
  resolved "https://registry.yarnpkg.com/fast-glob/-/fast-glob-3.2.4.tgz#d20aefbf99579383e7f3cc66529158c9b98554d3"
  integrity sha512-kr/Oo6PX51265qeuCYsyGypiO5uJFgBS0jksyG7FUeCyQzNwYnzrNIMR1NXfkZXsMYXYLRAHgISHBz8gQcxKHQ==
  dependencies:
    "@nodelib/fs.stat" "^2.0.2"
    "@nodelib/fs.walk" "^1.2.3"
    glob-parent "^5.1.0"
    merge2 "^1.3.0"
    micromatch "^4.0.2"
    picomatch "^2.2.1"

fastq@^1.6.0:
  version "1.8.0"
  resolved "https://registry.yarnpkg.com/fastq/-/fastq-1.8.0.tgz#550e1f9f59bbc65fe185cb6a9b4d95357107f481"
  integrity sha512-SMIZoZdLh/fgofivvIkmknUXyPnvxRE3DhtZ5Me3Mrsk5gyPL42F0xr51TdRXskBxHfMp+07bcYzfsYEsSQA9Q==
  dependencies:
    reusify "^1.0.4"

fill-range@^7.0.1:
  version "7.0.1"
  resolved "https://registry.yarnpkg.com/fill-range/-/fill-range-7.0.1.tgz#1919a6a7c75fe38b2c7c77e5198535da9acdda40"
  integrity sha512-qOo9F+dMUmC2Lcb4BbVvnKJxTPjCm+RRpe4gDuGrzkL7mEVl/djYSu2OdQ2Pa302N4oqkSg9ir6jaLWJ2USVpQ==
  dependencies:
    to-regex-range "^5.0.1"

glob-parent@^5.1.0:
  version "5.1.1"
  resolved "https://registry.yarnpkg.com/glob-parent/-/glob-parent-5.1.1.tgz#b6c1ef417c4e5663ea498f1c45afac6916bbc229"
  integrity sha512-FnI+VGOpnlGHWZxthPGR+QhR78fuiK0sNLkHQv+bL9fQi57lNNdquIbna/WrfROrolq8GK5Ek6BiMwqL/voRYQ==
  dependencies:
    is-glob "^4.0.1"

husky@^5.0.0-beta.0:
  version "5.0.0-beta.0"
  resolved "https://registry.yarnpkg.com/husky/-/husky-5.0.0-beta.0.tgz#b09c5a7da1da884cfd9ff0d7cfd328b77e068516"
  integrity sha512-gemLvVKIeuSuu+xp+hY5DUNjNSNk4YIgdsFhC3Wwv6tpc8VIGNR+0g+5uOpsiNNlAekcaMfO06mwSSokqLAlhQ==

ieee754@1.1.13, ieee754@^1.1.4:
  version "1.1.13"
  resolved "https://registry.yarnpkg.com/ieee754/-/ieee754-1.1.13.tgz#ec168558e95aa181fd87d37f55c32bbcb6708b84"
  integrity sha512-4vf7I2LYV/HaWerSo3XmlMkp5eZ83i+/CDluXi/IGTs/O1sejBNhTtnxzmRZfvOUqj7lZjqHkeTvpgSFDlWZTg==

inherits@^2.0.1, inherits@^2.0.3:
  version "2.0.4"
  resolved "https://registry.yarnpkg.com/inherits/-/inherits-2.0.4.tgz#0fa2c64f932917c3433a0ded55363aae37416b7c"
  integrity sha512-k/vGaX4/Yla3WzyMCvTQOXYeIHvqOKtnqBduzTHpzpQZzAskKMhZ2K+EnBiSM9zGSoIFeMpXKxa4dYeZIQqewQ==

is-extglob@^2.1.1:
  version "2.1.1"
  resolved "https://registry.yarnpkg.com/is-extglob/-/is-extglob-2.1.1.tgz#a88c02535791f02ed37c76a1b9ea9773c833f8c2"
  integrity sha1-qIwCU1eR8C7TfHahueqXc8gz+MI=

is-glob@^4.0.1:
  version "4.0.1"
  resolved "https://registry.yarnpkg.com/is-glob/-/is-glob-4.0.1.tgz#7567dbe9f2f5e2467bc77ab83c4a29482407a5dc"
  integrity sha512-5G0tKtBTFImOqDnLB2hG6Bp2qcKEFduo4tZu9MT/H6NQv/ghhy30o55ufafxJ/LdH79LLs2Kfrn85TLKyA7BUg==
  dependencies:
    is-extglob "^2.1.1"

is-number@^7.0.0:
  version "7.0.0"
  resolved "https://registry.yarnpkg.com/is-number/-/is-number-7.0.0.tgz#7535345b896734d5f80c4d06c50955527a14f12b"
  integrity sha512-41Cifkg6e8TylSpdtTpeLVMqvSBEVzTttHvERD741+pnZ8ANv0004MRL43QKPDlK9cGvNp6NZWZUBlbGXYxxng==

is-plain-object@^5.0.0:
  version "5.0.0"
  resolved "https://registry.yarnpkg.com/is-plain-object/-/is-plain-object-5.0.0.tgz#4427f50ab3429e9025ea7d52e9043a9ef4159344"
  integrity sha512-VRSzKkbMm5jMDoKLbltAkFQ5Qr7VDiTFGXxYFXXowVj387GeGNOCsOH6Msy00SGZ3Fp84b1Naa1psqgcCIEP5Q==

isarray@^1.0.0:
  version "1.0.0"
  resolved "https://registry.yarnpkg.com/isarray/-/isarray-1.0.0.tgz#bb935d48582cba168c06834957a54a3e07124f11"
  integrity sha1-u5NdSFgsuhaMBoNJV6VKPgcSTxE=

jmespath@0.15.0:
  version "0.15.0"
  resolved "https://registry.yarnpkg.com/jmespath/-/jmespath-0.15.0.tgz#a3f222a9aae9f966f5d27c796510e28091764217"
  integrity sha1-o/Iiqarp+Wb10nx5ZRDigJF2Qhc=

lodash.escaperegexp@^4.1.2:
  version "4.1.2"
  resolved "https://registry.yarnpkg.com/lodash.escaperegexp/-/lodash.escaperegexp-4.1.2.tgz#64762c48618082518ac3df4ccf5d5886dae20347"
  integrity sha1-ZHYsSGGAglGKw99Mz11YhtriA0c=

lodash.groupby@^4.6.0:
  version "4.6.0"
  resolved "https://registry.yarnpkg.com/lodash.groupby/-/lodash.groupby-4.6.0.tgz#0b08a1dcf68397c397855c3239783832df7403d1"
  integrity sha1-Cwih3PaDl8OXhVwyOXg4Mt90A9E=

lodash.isfunction@^3.0.9:
  version "3.0.9"
  resolved "https://registry.yarnpkg.com/lodash.isfunction/-/lodash.isfunction-3.0.9.tgz#06de25df4db327ac931981d1bdb067e5af68d051"
  integrity sha512-AirXNj15uRIMMPihnkInB4i3NHeb4iBtNg9WRWuK2o31S+ePwwNmDPaTL3o7dTJ+VXNZim7rFs4rxN4YU1oUJw==

lodash.isnil@^4.0.0:
  version "4.0.0"
  resolved "https://registry.yarnpkg.com/lodash.isnil/-/lodash.isnil-4.0.0.tgz#49e28cd559013458c814c5479d3c663a21bfaa6c"
  integrity sha1-SeKM1VkBNFjIFMVHnTxmOiG/qmw=

lodash.isundefined@^3.0.1:
  version "3.0.1"
  resolved "https://registry.yarnpkg.com/lodash.isundefined/-/lodash.isundefined-3.0.1.tgz#23ef3d9535565203a66cefd5b830f848911afb48"
  integrity sha1-I+89lTVWUgOmbO/VuDD4SJEa+0g=

lodash.uniq@^4.5.0:
  version "4.5.0"
  resolved "https://registry.yarnpkg.com/lodash.uniq/-/lodash.uniq-4.5.0.tgz#d0225373aeb652adc1bc82e4945339a842754773"
  integrity sha1-0CJTc662Uq3BvILklFM5qEJ1R3M=

merge2@^1.3.0:
  version "1.4.1"
  resolved "https://registry.yarnpkg.com/merge2/-/merge2-1.4.1.tgz#4368892f885e907455a6fd7dc55c0c9d404990ae"
  integrity sha512-8q7VEgMJW4J8tcfVPy8g09NcQwZdbwFEqhe/WZkoIzjn/3TGDwtOCYtXGxA3O8tPzpczCCDgv+P2P5y00ZJOOg==

micromatch@^4.0.2:
  version "4.0.2"
  resolved "https://registry.yarnpkg.com/micromatch/-/micromatch-4.0.2.tgz#4fcb0999bf9fbc2fcbdd212f6d629b9a56c39259"
  integrity sha512-y7FpHSbMUMoyPbYUSzO6PaZ6FyRnQOpHuKwbo1G+Knck95XVU4QAiKdGEnj5wwoS7PlOgthX/09u5iFJ+aYf5Q==
  dependencies:
    braces "^3.0.1"
    picomatch "^2.0.5"

node-fetch@^2.6.1:
  version "2.6.1"
  resolved "https://registry.yarnpkg.com/node-fetch/-/node-fetch-2.6.1.tgz#045bd323631f76ed2e2b55573394416b639a0052"
  integrity sha512-V4aYg89jEoVRxRb2fJdAg8FHvI7cEyYdVAh94HH0UIK8oJxUfkjlDQN9RbMx+bEjP7+ggMiFRprSti032Oipxw==

once@^1.4.0:
  version "1.4.0"
  resolved "https://registry.yarnpkg.com/once/-/once-1.4.0.tgz#583b1aa775961d4b113ac17d9c50baef9dd76bd1"
  integrity sha1-WDsap3WWHUsROsF9nFC6753Xa9E=
  dependencies:
    wrappy "1"

picomatch@^2.0.5, picomatch@^2.2.1:
  version "2.2.2"
  resolved "https://registry.yarnpkg.com/picomatch/-/picomatch-2.2.2.tgz#21f333e9b6b8eaff02468f5146ea406d345f4dad"
  integrity sha512-q0M/9eZHzmr0AulXyPwNfZjtwZ/RBZlbN3K3CErVrk50T2ASYI7Bye0EvekFY3IP1Nt2DHu0re+V2ZHIpMkuWg==

prettier@^2.1.2:
  version "2.1.2"
  resolved "https://registry.yarnpkg.com/prettier/-/prettier-2.1.2.tgz#3050700dae2e4c8b67c4c3f666cdb8af405e1ce5"
  integrity sha512-16c7K+x4qVlJg9rEbXl7HEGmQyZlG4R9AgP+oHKRMsMsuk8s+ATStlf1NpDqyBI1HpVyfjLOeMhH2LvuNvV5Vg==

punycode@1.3.2:
  version "1.3.2"
  resolved "https://registry.yarnpkg.com/punycode/-/punycode-1.3.2.tgz#9653a036fb7c1ee42342f2325cceefea3926c48d"
  integrity sha1-llOgNvt8HuQjQvIyXM7v6jkmxI0=

querystring@0.2.0:
  version "0.2.0"
  resolved "https://registry.yarnpkg.com/querystring/-/querystring-0.2.0.tgz#b209849203bb25df820da756e747005878521620"
  integrity sha1-sgmEkgO7Jd+CDadW50cAWHhSFiA=

readable-stream@^3.3.0:
  version "3.6.0"
  resolved "https://registry.yarnpkg.com/readable-stream/-/readable-stream-3.6.0.tgz#337bbda3adc0706bd3e024426a286d4b4b2c9198"
  integrity sha512-BViHy7LKeTz4oNnkcLJ+lVSL6vpiFeX6/d3oSH8zCW7UxP2onchk+vTGB143xuFjHS3deTgkKoXXymXqymiIdA==
  dependencies:
    inherits "^2.0.3"
    string_decoder "^1.1.1"
    util-deprecate "^1.0.1"

reusify@^1.0.4:
  version "1.0.4"
  resolved "https://registry.yarnpkg.com/reusify/-/reusify-1.0.4.tgz#90da382b1e126efc02146e90845a88db12925d76"
  integrity sha512-U9nH88a3fc/ekCF1l0/UP1IosiuIjyTh7hBvXVMHYgVcfGvt897Xguj2UOLDeI5BG2m7/uwyaLVT6fbtCwTyzw==

run-parallel@^1.1.9:
  version "1.1.9"
  resolved "https://registry.yarnpkg.com/run-parallel/-/run-parallel-1.1.9.tgz#c9dd3a7cf9f4b2c4b6244e173a6ed866e61dd679"
  integrity sha512-DEqnSRTDw/Tc3FXf49zedI638Z9onwUotBMiUFKmrO2sdFKIbXamXGQ3Axd4qgphxKB4kw/qP1w5kTxnfU1B9Q==

safe-buffer@~5.2.0:
  version "5.2.1"
  resolved "https://registry.yarnpkg.com/safe-buffer/-/safe-buffer-5.2.1.tgz#1eaf9fa9bdb1fdd4ec75f58f9cdb4e6b7827eec6"
  integrity sha512-rp3So07KcdmmKbGvgaNxQSJr7bGVSVk5S9Eq1F+ppbRo70+YeaDxkw5Dd8NPN+GD6bjnYm2VuPuCXmpuYvmCXQ==

sax@1.2.1:
  version "1.2.1"
  resolved "https://registry.yarnpkg.com/sax/-/sax-1.2.1.tgz#7b8e656190b228e81a66aea748480d828cd2d37a"
  integrity sha1-e45lYZCyKOgaZq6nSEgNgozS03o=

sax@>=0.6.0:
  version "1.2.4"
  resolved "https://registry.yarnpkg.com/sax/-/sax-1.2.4.tgz#2816234e2378bddc4e5354fab5caa895df7100d9"
  integrity sha512-NqVDv9TpANUjFm0N8uM5GxL36UgKi9/atZw+x7YFnQ8ckwFGKrl4xX4yWtrey3UJm5nP1kUbnYgLopqWNSRhWw==

string_decoder@^1.1.1:
  version "1.3.0"
  resolved "https://registry.yarnpkg.com/string_decoder/-/string_decoder-1.3.0.tgz#42f114594a46cf1a8e30b0a84f56c78c3edac21e"
  integrity sha512-hkRX8U1WjJFd8LsDJ2yQ/wWWxaopEsABU1XfkM8A+j0+85JAGppt16cr1Whg6KIbb4okU6Mql6BOj+uup/wKeA==
  dependencies:
    safe-buffer "~5.2.0"

to-regex-range@^5.0.1:
  version "5.0.1"
  resolved "https://registry.yarnpkg.com/to-regex-range/-/to-regex-range-5.0.1.tgz#1648c44aae7c8d988a326018ed72f5b4dd0392e4"
  integrity sha512-65P7iz6X5yEr1cwcgvQxbbIw7Uk3gOy5dIdtZ4rDveLqhrdJP+Li/Hx6tyK0NEb+2GCyneCMJiGqrADCSNk8sQ==
  dependencies:
    is-number "^7.0.0"

tunnel@0.0.6:
  version "0.0.6"
  resolved "https://registry.yarnpkg.com/tunnel/-/tunnel-0.0.6.tgz#72f1314b34a5b192db012324df2cc587ca47f92c"
  integrity sha512-1h/Lnq9yajKY2PEbBadPXj3VxsDDu844OnaAo52UVmIzIvwwtBPIuNvkjuzBlTWpfJyUbG3ez0KSBibQkj4ojg==

typescript@^4.0.5:
  version "4.0.5"
  resolved "https://registry.yarnpkg.com/typescript/-/typescript-4.0.5.tgz#ae9dddfd1069f1cb5beb3ef3b2170dd7c1332389"
  integrity sha512-ywmr/VrTVCmNTJ6iV2LwIrfG1P+lv6luD8sUJs+2eI9NLGigaN+nUQc13iHqisq7bra9lnmUSYqbJvegraBOPQ==

universal-user-agent@^6.0.0:
  version "6.0.0"
  resolved "https://registry.yarnpkg.com/universal-user-agent/-/universal-user-agent-6.0.0.tgz#3381f8503b251c0d9cd21bc1de939ec9df5480ee"
  integrity sha512-isyNax3wXoKaulPDZWHQqbmIx1k2tb9fb3GGDBRxCscfYV2Ch7WxPArBsFEG8s/safwXTT7H4QGhaIkTp9447w==

url@0.10.3:
  version "0.10.3"
  resolved "https://registry.yarnpkg.com/url/-/url-0.10.3.tgz#021e4d9c7705f21bbf37d03ceb58767402774c64"
  integrity sha1-Ah5NnHcF8hu/N9A861h2dAJ3TGQ=
  dependencies:
    punycode "1.3.2"
    querystring "0.2.0"

util-deprecate@^1.0.1:
  version "1.0.2"
  resolved "https://registry.yarnpkg.com/util-deprecate/-/util-deprecate-1.0.2.tgz#450d4dc9fa70de732762fbd2d4a28981419a0ccf"
  integrity sha1-RQ1Nyfpw3nMnYvvS1KKJgUGaDM8=

uuid@3.3.2:
  version "3.3.2"
  resolved "https://registry.yarnpkg.com/uuid/-/uuid-3.3.2.tgz#1b4af4955eb3077c501c23872fc6513811587131"
  integrity sha512-yXJmeNaw3DnnKAOKJE51sL/ZaYfWJRl1pK9dr19YFCu0ObS231AB1/LbqTKRAQ5kw8A90rA6fr4riOUpTZvQZA==

wrappy@1:
  version "1.0.2"
  resolved "https://registry.yarnpkg.com/wrappy/-/wrappy-1.0.2.tgz#b5243d8f3ec1aa35f1364605bc0d1036e30ab69f"
  integrity sha1-tSQ9jz7BqjXxNkYFvA0QNuMKtp8=

xml2js@0.4.19:
  version "0.4.19"
  resolved "https://registry.yarnpkg.com/xml2js/-/xml2js-0.4.19.tgz#686c20f213209e94abf0d1bcf1efaa291c7827a7"
  integrity sha512-esZnJZJOiJR9wWKMyuvSE1y6Dq5LCuJanqhxslH2bxM6duahNZ+HMpCLhBQGZkbX6xRf8x1Y2eJlgt2q3qo49Q==
  dependencies:
    sax ">=0.6.0"
    xmlbuilder "~9.0.1"

xmlbuilder@~9.0.1:
  version "9.0.7"
  resolved "https://registry.yarnpkg.com/xmlbuilder/-/xmlbuilder-9.0.7.tgz#132ee63d2ec5565c557e20f4c22df9aca686b10d"
  integrity sha1-Ey7mPS7FVlxVfiD0wi35rKaGsQ0=
